
Microsoft Visual Studio Solution File, Format Version 12.00
# Visual Studio Version 17
VisualStudioVersion = 17.0.31912.275
MinimumVisualStudioVersion = 10.0.40219.1
Project("{8BC9CEB8-8B4A-11D0-8D11-00A0C91BC942}") = "俄罗斯方块", "俄罗斯方块\俄罗斯方块.vcxproj", "{B5E44EFD-32AE-455A-9B00-213DBDC21F3D}"
EndProject
Global
	GlobalSection(SolutionConfigurationPlatforms) = preSolution
		Debug|x64 = Debug|x64
		Debug|x86 = Debug|x86
		Release|x64 = Release|x64
		Release|x86 = Release|x86
	EndGlobalSection
	GlobalSection(ProjectConfigurationPlatforms) = postSolution
		{B5E44EFD-32AE-455A-9B00-213DBDC21F3D}.Debug|x64.ActiveCfg = Debug|x64
		{B5E44EFD-32AE-455A-9B00-213DBDC21F3D}.Debug|x64.Build.0 = Debug|x64
		{B5E44EFD-32AE-455A-9B00-213DBDC21F3D}.Debug|x86.ActiveCfg = Debug|Win32
		{B5E44EFD-32AE-455A-9B00-213DBDC21F3D}.Debug|x86.Build.0 = Debug|Win32
		{B5E44EFD-32AE-455A-9B00-213DBDC21F3D}.Release|x64.ActiveCfg = Release|x64
		{B5E44EFD-32AE-455A-9B00-213DBDC21F3D}.Release|x64.Build.0 = Release|x64
		{B5E44EFD-32AE-455A-9B00-213DBDC21F3D}.Release|x86.ActiveCfg = Release|Win32
		{B5E44EFD-32AE-455A-9B00-213DBDC21F3D}.Release|x86.Build.0 = Release|Win32
	EndGlobalSection
	GlobalSection(SolutionProperties) = preSolution
		HideSolutionNode = FALSE
	EndGlobalSection
	GlobalSection(ExtensibilityGlobals) = postSolution
		SolutionGuid = {C151431F-F7CC-4BDE-BF06-38A9A49DAE72}
	EndGlobalSection
EndGlobal
